
Microsoft Visual Studio Solution File, Format Version 12.00
# Visual Studio Version 17
VisualStudioVersion = 17.9.34622.214
MinimumVisualStudioVersion = 10.0.40219.1
Project("{FAE04EC0-301F-11D3-BF4B-00C04F79EFBC}") = "UserInterface", "UserInterface\UserInterface.csproj", "{4389DB82-2895-4320-AA23-6A14BB8A8960}"
EndProject
Project("{FAE04EC0-301F-11D3-BF4B-00C04F79EFBC}") = "DataLayer", "..\DataLayer\DataLayer.csproj", "{42FF5579-E981-4ABF-9228-7F22AB9D8EF4}"
EndProject
Project("{FAE04EC0-301F-11D3-BF4B-00C04F79EFBC}") = "BusinessLayer", "BusinessLayer\BusinessLayer.csproj", "{5E6CC2DC-EDD3-4124-B53E-0BC88FC8DFB6}"
EndProject
Global
	GlobalSection(SolutionConfigurationPlatforms) = preSolution
		Debug|Any CPU = Debug|Any CPU
		Release|Any CPU = Release|Any CPU
	EndGlobalSection
	GlobalSection(ProjectConfigurationPlatforms) = postSolution
		{4389DB82-2895-4320-AA23-6A14BB8A8960}.Debug|Any CPU.ActiveCfg = Debug|Any CPU
		{4389DB82-2895-4320-AA23-6A14BB8A8960}.Debug|Any CPU.Build.0 = Debug|Any CPU
		{4389DB82-2895-4320-AA23-6A14BB8A8960}.Release|Any CPU.ActiveCfg = Release|Any CPU
		{4389DB82-2895-4320-AA23-6A14BB8A8960}.Release|Any CPU.Build.0 = Release|Any CPU
		{42FF5579-E981-4ABF-9228-7F22AB9D8EF4}.Debug|Any CPU.ActiveCfg = Debug|Any CPU
		{42FF5579-E981-4ABF-9228-7F22AB9D8EF4}.Debug|Any CPU.Build.0 = Debug|Any CPU
		{42FF5579-E981-4ABF-9228-7F22AB9D8EF4}.Release|Any CPU.ActiveCfg = Release|Any CPU
		{42FF5579-E981-4ABF-9228-7F22AB9D8EF4}.Release|Any CPU.Build.0 = Release|Any CPU
		{5E6CC2DC-EDD3-4124-B53E-0BC88FC8DFB6}.Debug|Any CPU.ActiveCfg = Debug|Any CPU
		{5E6CC2DC-EDD3-4124-B53E-0BC88FC8DFB6}.Debug|Any CPU.Build.0 = Debug|Any CPU
		{5E6CC2DC-EDD3-4124-B53E-0BC88FC8DFB6}.Release|Any CPU.ActiveCfg = Release|Any CPU
		{5E6CC2DC-EDD3-4124-B53E-0BC88FC8DFB6}.Release|Any CPU.Build.0 = Release|Any CPU
	EndGlobalSection
	GlobalSection(SolutionProperties) = preSolution
		HideSolutionNode = FALSE
	EndGlobalSection
	GlobalSection(ExtensibilityGlobals) = postSolution
		SolutionGuid = {2528CA3C-C41B-48F8-B167-A2B9A87D6E26}
	EndGlobalSection
EndGlobal
